
Microsoft Visual Studio Solution File, Format Version 12.00
# Visual Studio 14
VisualStudioVersion = 14.0.23107.0
MinimumVisualStudioVersion = 10.0.40219.1
Project("{FAE04EC0-301F-11D3-BF4B-00C04F79EFBC}") = "MyInventory.Core", "MyInventory.Core\MyInventory.Core.csproj", "{33D4DF78-2CBF-4E39-8E8F-E83A11870E77}"
EndProject
Project("{FAE04EC0-301F-11D3-BF4B-00C04F79EFBC}") = "MyInventory.MasterDetail.iOS", "MyInventory.MasterDetail.iOS\MyInventory.MasterDetail.iOS.csproj", "{CDC231D1-23F9-4232-85FB-C55C4B5F6938}"
EndProject
Project("{FAE04EC0-301F-11D3-BF4B-00C04F79EFBC}") = "MyInventory.Master.WinRT", "MyInventory.WinRT\MyInventory.Master.WinRT.csproj", "{89EA3A4A-D101-4E11-90A6-0E827D963D4C}"
EndProject
Project("{FAE04EC0-301F-11D3-BF4B-00C04F79EFBC}") = "MyInventory.MasterDetail.Android.Material", "MyInventory.MasterDetail.Android.Material\MyInventory.MasterDetail.Android.Material.csproj", "{2B5C7E99-D5E7-4577-8CF5-546F80E891D4}"
EndProject
Global
	GlobalSection(SolutionConfigurationPlatforms) = preSolution
		Ad-Hoc|Any CPU = Ad-Hoc|Any CPU
		Ad-Hoc|ARM = Ad-Hoc|ARM
		Ad-Hoc|iPhone = Ad-Hoc|iPhone
		Ad-Hoc|iPhoneSimulator = Ad-Hoc|iPhoneSimulator
		Ad-Hoc|Mixed Platforms = Ad-Hoc|Mixed Platforms
		Ad-Hoc|x64 = Ad-Hoc|x64
		Ad-Hoc|x86 = Ad-Hoc|x86
		AppStore|Any CPU = AppStore|Any CPU
		AppStore|ARM = AppStore|ARM
		AppStore|iPhone = AppStore|iPhone
		AppStore|iPhoneSimulator = AppStore|iPhoneSimulator
		AppStore|Mixed Platforms = AppStore|Mixed Platforms
		AppStore|x64 = AppStore|x64
		AppStore|x86 = AppStore|x86
		Debug|Any CPU = Debug|Any CPU
		Debug|ARM = Debug|ARM
		Debug|iPhone = Debug|iPhone
		Debug|iPhoneSimulator = Debug|iPhoneSimulator
		Debug|Mixed Platforms = Debug|Mixed Platforms
		Debug|x64 = Debug|x64
		Debug|x86 = Debug|x86
		DebugInternal|Any CPU = DebugInternal|Any CPU
		DebugInternal|ARM = DebugInternal|ARM
		DebugInternal|iPhone = DebugInternal|iPhone
		DebugInternal|iPhoneSimulator = DebugInternal|iPhoneSimulator
		DebugInternal|Mixed Platforms = DebugInternal|Mixed Platforms
		DebugInternal|x64 = DebugInternal|x64
		DebugInternal|x86 = DebugInternal|x86
		Release|Any CPU = Release|Any CPU
		Release|ARM = Release|ARM
		Release|iPhone = Release|iPhone
		Release|iPhoneSimulator = Release|iPhoneSimulator
		Release|Mixed Platforms = Release|Mixed Platforms
		Release|x64 = Release|x64
		Release|x86 = Release|x86
	EndGlobalSection
	GlobalSection(ProjectConfigurationPlatforms) = postSolution
		{33D4DF78-2CBF-4E39-8E8F-E83A11870E77}.Ad-Hoc|Any CPU.ActiveCfg = Release|Any CPU
		{33D4DF78-2CBF-4E39-8E8F-E83A11870E77}.Ad-Hoc|Any CPU.Build.0 = Release|Any CPU
		{33D4DF78-2CBF-4E39-8E8F-E83A11870E77}.Ad-Hoc|ARM.ActiveCfg = Release|Any CPU
		{33D4DF78-2CBF-4E39-8E8F-E83A11870E77}.Ad-Hoc|ARM.Build.0 = Release|Any CPU
		{33D4DF78-2CBF-4E39-8E8F-E83A11870E77}.Ad-Hoc|iPhone.ActiveCfg = Release|Any CPU
		{33D4DF78-2CBF-4E39-8E8F-E83A11870E77}.Ad-Hoc|iPhone.Build.0 = Release|Any CPU
		{33D4DF78-2CBF-4E39-8E8F-E83A11870E77}.Ad-Hoc|iPhoneSimulator.ActiveCfg = Release|Any CPU
		{33D4DF78-2CBF-4E39-8E8F-E83A11870E77}.Ad-Hoc|iPhoneSimulator.Build.0 = Release|Any CPU
		{33D4DF78-2CBF-4E39-8E8F-E83A11870E77}.Ad-Hoc|Mixed Platforms.ActiveCfg = Release|Any CPU
		{33D4DF78-2CBF-4E39-8E8F-E83A11870E77}.Ad-Hoc|Mixed Platforms.Build.0 = Release|Any CPU
		{33D4DF78-2CBF-4E39-8E8F-E83A11870E77}.Ad-Hoc|x64.ActiveCfg = Release|Any CPU
		{33D4DF78-2CBF-4E39-8E8F-E83A11870E77}.Ad-Hoc|x64.Build.0 = Release|Any CPU
		{33D4DF78-2CBF-4E39-8E8F-E83A11870E77}.Ad-Hoc|x86.ActiveCfg = Release|Any CPU
		{33D4DF78-2CBF-4E39-8E8F-E83A11870E77}.Ad-Hoc|x86.Build.0 = Release|Any CPU
		{33D4DF78-2CBF-4E39-8E8F-E83A11870E77}.AppStore|Any CPU.ActiveCfg = Release|Any CPU
		{33D4DF78-2CBF-4E39-8E8F-E83A11870E77}.AppStore|Any CPU.Build.0 = Release|Any CPU
		{33D4DF78-2CBF-4E39-8E8F-E83A11870E77}.AppStore|ARM.ActiveCfg = Release|Any CPU
		{33D4DF78-2CBF-4E39-8E8F-E83A11870E77}.AppStore|ARM.Build.0 = Release|Any CPU
		{33D4DF78-2CBF-4E39-8E8F-E83A11870E77}.AppStore|iPhone.ActiveCfg = Release|Any CPU
		{33D4DF78-2CBF-4E39-8E8F-E83A11870E77}.AppStore|iPhone.Build.0 = Release|Any CPU
		{33D4DF78-2CBF-4E39-8E8F-E83A11870E77}.AppStore|iPhoneSimulator.ActiveCfg = Release|Any CPU
		{33D4DF78-2CBF-4E39-8E8F-E83A11870E77}.AppStore|iPhoneSimulator.Build.0 = Release|Any CPU
		{33D4DF78-2CBF-4E39-8E8F-E83A11870E77}.AppStore|Mixed Platforms.ActiveCfg = Release|Any CPU
		{33D4DF78-2CBF-4E39-8E8F-E83A11870E77}.AppStore|Mixed Platforms.Build.0 = Release|Any CPU
		{33D4DF78-2CBF-4E39-8E8F-E83A11870E77}.AppStore|x64.ActiveCfg = Release|Any CPU
		{33D4DF78-2CBF-4E39-8E8F-E83A11870E77}.AppStore|x64.Build.0 = Release|Any CPU
		{33D4DF78-2CBF-4E39-8E8F-E83A11870E77}.AppStore|x86.ActiveCfg = Release|Any CPU
		{33D4DF78-2CBF-4E39-8E8F-E83A11870E77}.AppStore|x86.Build.0 = Release|Any CPU
		{33D4DF78-2CBF-4E39-8E8F-E83A11870E77}.Debug|Any CPU.ActiveCfg = Debug|Any CPU
		{33D4DF78-2CBF-4E39-8E8F-E83A11870E77}.Debug|Any CPU.Build.0 = Debug|Any CPU
		{33D4DF78-2CBF-4E39-8E8F-E83A11870E77}.Debug|ARM.ActiveCfg = Debug|Any CPU
		{33D4DF78-2CBF-4E39-8E8F-E83A11870E77}.Debug|ARM.Build.0 = Debug|Any CPU
		{33D4DF78-2CBF-4E39-8E8F-E83A11870E77}.Debug|iPhone.ActiveCfg = Debug|Any CPU
		{33D4DF78-2CBF-4E39-8E8F-E83A11870E77}.Debug|iPhone.Build.0 = Debug|Any CPU
		{33D4DF78-2CBF-4E39-8E8F-E83A11870E77}.Debug|iPhoneSimulator.ActiveCfg = Debug|Any CPU
		{33D4DF78-2CBF-4E39-8E8F-E83A11870E77}.Debug|iPhoneSimulator.Build.0 = Debug|Any CPU
		{33D4DF78-2CBF-4E39-8E8F-E83A11870E77}.Debug|Mixed Platforms.ActiveCfg = Debug|Any CPU
		{33D4DF78-2CBF-4E39-8E8F-E83A11870E77}.Debug|Mixed Platforms.Build.0 = Debug|Any CPU
		{33D4DF78-2CBF-4E39-8E8F-E83A11870E77}.Debug|x64.ActiveCfg = Debug|Any CPU
		{33D4DF78-2CBF-4E39-8E8F-E83A11870E77}.Debug|x64.Build.0 = Debug|Any CPU
		{33D4DF78-2CBF-4E39-8E8F-E83A11870E77}.Debug|x86.ActiveCfg = Debug|Any CPU
		{33D4DF78-2CBF-4E39-8E8F-E83A11870E77}.Debug|x86.Build.0 = Debug|Any CPU
		{33D4DF78-2CBF-4E39-8E8F-E83A11870E77}.DebugInternal|Any CPU.ActiveCfg = Debug|Any CPU
		{33D4DF78-2CBF-4E39-8E8F-E83A11870E77}.DebugInternal|Any CPU.Build.0 = Debug|Any CPU
		{33D4DF78-2CBF-4E39-8E8F-E83A11870E77}.DebugInternal|ARM.ActiveCfg = Debug_Mono|Any CPU
		{33D4DF78-2CBF-4E39-8E8F-E83A11870E77}.DebugInternal|iPhone.ActiveCfg = Debug_Mono|Any CPU
		{33D4DF78-2CBF-4E39-8E8F-E83A11870E77}.DebugInternal|iPhoneSimulator.ActiveCfg = Debug_Mono|Any CPU
		{33D4DF78-2CBF-4E39-8E8F-E83A11870E77}.DebugInternal|Mixed Platforms.ActiveCfg = Debug_Mono|Any CPU
		{33D4DF78-2CBF-4E39-8E8F-E83A11870E77}.DebugInternal|Mixed Platforms.Build.0 = Debug_Mono|Any CPU
		{33D4DF78-2CBF-4E39-8E8F-E83A11870E77}.DebugInternal|x64.ActiveCfg = Debug_Mono|Any CPU
		{33D4DF78-2CBF-4E39-8E8F-E83A11870E77}.DebugInternal|x86.ActiveCfg = Debug_Mono|Any CPU
		{33D4DF78-2CBF-4E39-8E8F-E83A11870E77}.Release|Any CPU.ActiveCfg = Release|Any CPU
		{33D4DF78-2CBF-4E39-8E8F-E83A11870E77}.Release|Any CPU.Build.0 = Release|Any CPU
		{33D4DF78-2CBF-4E39-8E8F-E83A11870E77}.Release|ARM.ActiveCfg = Release|Any CPU
		{33D4DF78-2CBF-4E39-8E8F-E83A11870E77}.Release|ARM.Build.0 = Release|Any CPU
		{33D4DF78-2CBF-4E39-8E8F-E83A11870E77}.Release|iPhone.ActiveCfg = Release|Any CPU
		{33D4DF78-2CBF-4E39-8E8F-E83A11870E77}.Release|iPhone.Build.0 = Release|Any CPU
		{33D4DF78-2CBF-4E39-8E8F-E83A11870E77}.Release|iPhoneSimulator.ActiveCfg = Release|Any CPU
		{33D4DF78-2CBF-4E39-8E8F-E83A11870E77}.Release|iPhoneSimulator.Build.0 = Release|Any CPU
		{33D4DF78-2CBF-4E39-8E8F-E83A11870E77}.Release|Mixed Platforms.ActiveCfg = Release|Any CPU
		{33D4DF78-2CBF-4E39-8E8F-E83A11870E77}.Release|Mixed Platforms.Build.0 = Release|Any CPU
		{33D4DF78-2CBF-4E39-8E8F-E83A11870E77}.Release|x64.ActiveCfg = Release|Any CPU
		{33D4DF78-2CBF-4E39-8E8F-E83A11870E77}.Release|x64.Build.0 = Release|Any CPU
		{33D4DF78-2CBF-4E39-8E8F-E83A11870E77}.Release|x86.ActiveCfg = Release|Any CPU
		{33D4DF78-2CBF-4E39-8E8F-E83A11870E77}.Release|x86.Build.0 = Release|Any CPU
		{CDC231D1-23F9-4232-85FB-C55C4B5F6938}.Ad-Hoc|Any CPU.ActiveCfg = Ad-Hoc|iPhone
		{CDC231D1-23F9-4232-85FB-C55C4B5F6938}.Ad-Hoc|Any CPU.Build.0 = Ad-Hoc|iPhone
		{CDC231D1-23F9-4232-85FB-C55C4B5F6938}.Ad-Hoc|ARM.ActiveCfg = Ad-Hoc|iPhone
		{CDC231D1-23F9-4232-85FB-C55C4B5F6938}.Ad-Hoc|ARM.Build.0 = Ad-Hoc|iPhone
		{CDC231D1-23F9-4232-85FB-C55C4B5F6938}.Ad-Hoc|iPhone.ActiveCfg = Ad-Hoc|iPhone
		{CDC231D1-23F9-4232-85FB-C55C4B5F6938}.Ad-Hoc|iPhone.Build.0 = Ad-Hoc|iPhone
		{CDC231D1-23F9-4232-85FB-C55C4B5F6938}.Ad-Hoc|iPhoneSimulator.ActiveCfg = Debug|iPhoneSimulator
		{CDC231D1-23F9-4232-85FB-C55C4B5F6938}.Ad-Hoc|iPhoneSimulator.Build.0 = Debug|iPhoneSimulator
		{CDC231D1-23F9-4232-85FB-C55C4B5F6938}.Ad-Hoc|Mixed Platforms.ActiveCfg = Ad-Hoc|iPhone
		{CDC231D1-23F9-4232-85FB-C55C4B5F6938}.Ad-Hoc|Mixed Platforms.Build.0 = Ad-Hoc|iPhone
		{CDC231D1-23F9-4232-85FB-C55C4B5F6938}.Ad-Hoc|x64.ActiveCfg = Ad-Hoc|iPhone
		{CDC231D1-23F9-4232-85FB-C55C4B5F6938}.Ad-Hoc|x64.Build.0 = Ad-Hoc|iPhone
		{CDC231D1-23F9-4232-85FB-C55C4B5F6938}.Ad-Hoc|x86.ActiveCfg = Ad-Hoc|iPhone
		{CDC231D1-23F9-4232-85FB-C55C4B5F6938}.Ad-Hoc|x86.Build.0 = Ad-Hoc|iPhone
		{CDC231D1-23F9-4232-85FB-C55C4B5F6938}.AppStore|Any CPU.ActiveCfg = AppStore|iPhone
		{CDC231D1-23F9-4232-85FB-C55C4B5F6938}.AppStore|Any CPU.Build.0 = AppStore|iPhone
		{CDC231D1-23F9-4232-85FB-C55C4B5F6938}.AppStore|ARM.ActiveCfg = AppStore|iPhone
		{CDC231D1-23F9-4232-85FB-C55C4B5F6938}.AppStore|ARM.Build.0 = AppStore|iPhone
		{CDC231D1-23F9-4232-85FB-C55C4B5F6938}.AppStore|iPhone.ActiveCfg = AppStore|iPhone
		{CDC231D1-23F9-4232-85FB-C55C4B5F6938}.AppStore|iPhone.Build.0 = AppStore|iPhone
		{CDC231D1-23F9-4232-85FB-C55C4B5F6938}.AppStore|iPhoneSimulator.ActiveCfg = Debug|iPhoneSimulator
		{CDC231D1-23F9-4232-85FB-C55C4B5F6938}.AppStore|iPhoneSimulator.Build.0 = Debug|iPhoneSimulator
		{CDC231D1-23F9-4232-85FB-C55C4B5F6938}.AppStore|Mixed Platforms.ActiveCfg = AppStore|iPhone
		{CDC231D1-23F9-4232-85FB-C55C4B5F6938}.AppStore|Mixed Platforms.Build.0 = AppStore|iPhone
		{CDC231D1-23F9-4232-85FB-C55C4B5F6938}.AppStore|x64.ActiveCfg = AppStore|iPhone
		{CDC231D1-23F9-4232-85FB-C55C4B5F6938}.AppStore|x64.Build.0 = AppStore|iPhone
		{CDC231D1-23F9-4232-85FB-C55C4B5F6938}.AppStore|x86.ActiveCfg = AppStore|iPhone
		{CDC231D1-23F9-4232-85FB-C55C4B5F6938}.AppStore|x86.Build.0 = AppStore|iPhone
		{CDC231D1-23F9-4232-85FB-C55C4B5F6938}.Debug|Any CPU.ActiveCfg = Debug|iPhoneSimulator
		{CDC231D1-23F9-4232-85FB-C55C4B5F6938}.Debug|Any CPU.Build.0 = Debug|iPhoneSimulator
		{CDC231D1-23F9-4232-85FB-C55C4B5F6938}.Debug|ARM.ActiveCfg = Debug|iPhoneSimulator
		{CDC231D1-23F9-4232-85FB-C55C4B5F6938}.Debug|ARM.Build.0 = Debug|iPhoneSimulator
		{CDC231D1-23F9-4232-85FB-C55C4B5F6938}.Debug|iPhone.ActiveCfg = Debug|iPhone
		{CDC231D1-23F9-4232-85FB-C55C4B5F6938}.Debug|iPhone.Build.0 = Debug|iPhone
		{CDC231D1-23F9-4232-85FB-C55C4B5F6938}.Debug|iPhoneSimulator.ActiveCfg = Debug|iPhoneSimulator
		{CDC231D1-23F9-4232-85FB-C55C4B5F6938}.Debug|iPhoneSimulator.Build.0 = Debug|iPhoneSimulator
		{CDC231D1-23F9-4232-85FB-C55C4B5F6938}.Debug|Mixed Platforms.ActiveCfg = Debug|iPhoneSimulator
		{CDC231D1-23F9-4232-85FB-C55C4B5F6938}.Debug|Mixed Platforms.Build.0 = Debug|iPhoneSimulator
		{CDC231D1-23F9-4232-85FB-C55C4B5F6938}.Debug|x64.ActiveCfg = Debug|iPhoneSimulator
		{CDC231D1-23F9-4232-85FB-C55C4B5F6938}.Debug|x64.Build.0 = Debug|iPhoneSimulator
		{CDC231D1-23F9-4232-85FB-C55C4B5F6938}.Debug|x86.ActiveCfg = Debug|iPhoneSimulator
		{CDC231D1-23F9-4232-85FB-C55C4B5F6938}.Debug|x86.Build.0 = Debug|iPhoneSimulator
		{CDC231D1-23F9-4232-85FB-C55C4B5F6938}.DebugInternal|Any CPU.ActiveCfg = Debug|iPhone
		{CDC231D1-23F9-4232-85FB-C55C4B5F6938}.DebugInternal|Any CPU.Build.0 = Debug|iPhone
		{CDC231D1-23F9-4232-85FB-C55C4B5F6938}.DebugInternal|ARM.ActiveCfg = Debug|iPhone
		{CDC231D1-23F9-4232-85FB-C55C4B5F6938}.DebugInternal|iPhone.ActiveCfg = Debug|iPhone
		{CDC231D1-23F9-4232-85FB-C55C4B5F6938}.DebugInternal|iPhone.Build.0 = Debug|iPhone
		{CDC231D1-23F9-4232-85FB-C55C4B5F6938}.DebugInternal|iPhoneSimulator.ActiveCfg = Debug|iPhoneSimulator
		{CDC231D1-23F9-4232-85FB-C55C4B5F6938}.DebugInternal|iPhoneSimulator.Build.0 = Debug|iPhoneSimulator
		{CDC231D1-23F9-4232-85FB-C55C4B5F6938}.DebugInternal|Mixed Platforms.ActiveCfg = Debug|iPhone
		{CDC231D1-23F9-4232-85FB-C55C4B5F6938}.DebugInternal|Mixed Platforms.Build.0 = Debug|iPhone
		{CDC231D1-23F9-4232-85FB-C55C4B5F6938}.DebugInternal|x64.ActiveCfg = Debug|iPhone
		{CDC231D1-23F9-4232-85FB-C55C4B5F6938}.DebugInternal|x86.ActiveCfg = Debug|iPhone
		{CDC231D1-23F9-4232-85FB-C55C4B5F6938}.Release|Any CPU.ActiveCfg = Release|iPhoneSimulator
		{CDC231D1-23F9-4232-85FB-C55C4B5F6938}.Release|Any CPU.Build.0 = Release|iPhoneSimulator
		{CDC231D1-23F9-4232-85FB-C55C4B5F6938}.Release|ARM.ActiveCfg = Release|iPhoneSimulator
		{CDC231D1-23F9-4232-85FB-C55C4B5F6938}.Release|ARM.Build.0 = Release|iPhoneSimulator
		{CDC231D1-23F9-4232-85FB-C55C4B5F6938}.Release|iPhone.ActiveCfg = Release|iPhone
		{CDC231D1-23F9-4232-85FB-C55C4B5F6938}.Release|iPhone.Build.0 = Release|iPhone
		{CDC231D1-23F9-4232-85FB-C55C4B5F6938}.Release|iPhoneSimulator.ActiveCfg = Release|iPhoneSimulator
		{CDC231D1-23F9-4232-85FB-C55C4B5F6938}.Release|iPhoneSimulator.Build.0 = Release|iPhoneSimulator
		{CDC231D1-23F9-4232-85FB-C55C4B5F6938}.Release|Mixed Platforms.ActiveCfg = Release|iPhoneSimulator
		{CDC231D1-23F9-4232-85FB-C55C4B5F6938}.Release|Mixed Platforms.Build.0 = Release|iPhoneSimulator
		{CDC231D1-23F9-4232-85FB-C55C4B5F6938}.Release|x64.ActiveCfg = Release|iPhoneSimulator
		{CDC231D1-23F9-4232-85FB-C55C4B5F6938}.Release|x64.Build.0 = Release|iPhoneSimulator
		{CDC231D1-23F9-4232-85FB-C55C4B5F6938}.Release|x86.ActiveCfg = Release|iPhoneSimulator
		{CDC231D1-23F9-4232-85FB-C55C4B5F6938}.Release|x86.Build.0 = Release|iPhoneSimulator
		{89EA3A4A-D101-4E11-90A6-0E827D963D4C}.Ad-Hoc|Any CPU.ActiveCfg = Release|Any CPU
		{89EA3A4A-D101-4E11-90A6-0E827D963D4C}.Ad-Hoc|Any CPU.Build.0 = Release|Any CPU
		{89EA3A4A-D101-4E11-90A6-0E827D963D4C}.Ad-Hoc|Any CPU.Deploy.0 = Release|Any CPU
		{89EA3A4A-D101-4E11-90A6-0E827D963D4C}.Ad-Hoc|ARM.ActiveCfg = Release|ARM
		{89EA3A4A-D101-4E11-90A6-0E827D963D4C}.Ad-Hoc|ARM.Build.0 = Release|ARM
		{89EA3A4A-D101-4E11-90A6-0E827D963D4C}.Ad-Hoc|ARM.Deploy.0 = Release|ARM
		{89EA3A4A-D101-4E11-90A6-0E827D963D4C}.Ad-Hoc|iPhone.ActiveCfg = Release|Any CPU
		{89EA3A4A-D101-4E11-90A6-0E827D963D4C}.Ad-Hoc|iPhoneSimulator.ActiveCfg = Release|Any CPU
		{89EA3A4A-D101-4E11-90A6-0E827D963D4C}.Ad-Hoc|Mixed Platforms.ActiveCfg = Release|x86
		{89EA3A4A-D101-4E11-90A6-0E827D963D4C}.Ad-Hoc|Mixed Platforms.Build.0 = Release|x86
		{89EA3A4A-D101-4E11-90A6-0E827D963D4C}.Ad-Hoc|Mixed Platforms.Deploy.0 = Release|x86
		{89EA3A4A-D101-4E11-90A6-0E827D963D4C}.Ad-Hoc|x64.ActiveCfg = Release|x64
		{89EA3A4A-D101-4E11-90A6-0E827D963D4C}.Ad-Hoc|x64.Build.0 = Release|x64
		{89EA3A4A-D101-4E11-90A6-0E827D963D4C}.Ad-Hoc|x64.Deploy.0 = Release|x64
		{89EA3A4A-D101-4E11-90A6-0E827D963D4C}.Ad-Hoc|x86.ActiveCfg = Release|x86
		{89EA3A4A-D101-4E11-90A6-0E827D963D4C}.Ad-Hoc|x86.Build.0 = Release|x86
		{89EA3A4A-D101-4E11-90A6-0E827D963D4C}.Ad-Hoc|x86.Deploy.0 = Release|x86
		{89EA3A4A-D101-4E11-90A6-0E827D963D4C}.AppStore|Any CPU.ActiveCfg = Release|Any CPU
		{89EA3A4A-D101-4E11-90A6-0E827D963D4C}.AppStore|Any CPU.Build.0 = Release|Any CPU
		{89EA3A4A-D101-4E11-90A6-0E827D963D4C}.AppStore|Any CPU.Deploy.0 = Release|Any CPU
		{89EA3A4A-D101-4E11-90A6-0E827D963D4C}.AppStore|ARM.ActiveCfg = Release|ARM
		{89EA3A4A-D101-4E11-90A6-0E827D963D4C}.AppStore|ARM.Build.0 = Release|ARM
		{89EA3A4A-D101-4E11-90A6-0E827D963D4C}.AppStore|ARM.Deploy.0 = Release|ARM
		{89EA3A4A-D101-4E11-90A6-0E827D963D4C}.AppStore|iPhone.ActiveCfg = Release|Any CPU
		{89EA3A4A-D101-4E11-90A6-0E827D963D4C}.AppStore|iPhoneSimulator.ActiveCfg = Release|Any CPU
		{89EA3A4A-D101-4E11-90A6-0E827D963D4C}.AppStore|Mixed Platforms.ActiveCfg = Release|x86
		{89EA3A4A-D101-4E11-90A6-0E827D963D4C}.AppStore|Mixed Platforms.Build.0 = Release|x86
		{89EA3A4A-D101-4E11-90A6-0E827D963D4C}.AppStore|Mixed Platforms.Deploy.0 = Release|x86
		{89EA3A4A-D101-4E11-90A6-0E827D963D4C}.AppStore|x64.ActiveCfg = Release|x64
		{89EA3A4A-D101-4E11-90A6-0E827D963D4C}.AppStore|x64.Build.0 = Release|x64
		{89EA3A4A-D101-4E11-90A6-0E827D963D4C}.AppStore|x64.Deploy.0 = Release|x64
		{89EA3A4A-D101-4E11-90A6-0E827D963D4C}.AppStore|x86.ActiveCfg = Release|x86
		{89EA3A4A-D101-4E11-90A6-0E827D963D4C}.AppStore|x86.Build.0 = Release|x86
		{89EA3A4A-D101-4E11-90A6-0E827D963D4C}.AppStore|x86.Deploy.0 = Release|x86
		{89EA3A4A-D101-4E11-90A6-0E827D963D4C}.Debug|Any CPU.ActiveCfg = Debug|Any CPU
		{89EA3A4A-D101-4E11-90A6-0E827D963D4C}.Debug|Any CPU.Build.0 = Debug|Any CPU
		{89EA3A4A-D101-4E11-90A6-0E827D963D4C}.Debug|Any CPU.Deploy.0 = Debug|Any CPU
		{89EA3A4A-D101-4E11-90A6-0E827D963D4C}.Debug|ARM.ActiveCfg = Debug|ARM
		{89EA3A4A-D101-4E11-90A6-0E827D963D4C}.Debug|ARM.Build.0 = Debug|ARM
		{89EA3A4A-D101-4E11-90A6-0E827D963D4C}.Debug|ARM.Deploy.0 = Debug|ARM
		{89EA3A4A-D101-4E11-90A6-0E827D963D4C}.Debug|iPhone.ActiveCfg = Debug|Any CPU
		{89EA3A4A-D101-4E11-90A6-0E827D963D4C}.Debug|iPhoneSimulator.ActiveCfg = Debug|Any CPU
		{89EA3A4A-D101-4E11-90A6-0E827D963D4C}.Debug|Mixed Platforms.ActiveCfg = Debug|x86
		{89EA3A4A-D101-4E11-90A6-0E827D963D4C}.Debug|Mixed Platforms.Build.0 = Debug|x86
		{89EA3A4A-D101-4E11-90A6-0E827D963D4C}.Debug|Mixed Platforms.Deploy.0 = Debug|x86
		{89EA3A4A-D101-4E11-90A6-0E827D963D4C}.Debug|x64.ActiveCfg = Debug|x64
		{89EA3A4A-D101-4E11-90A6-0E827D963D4C}.Debug|x64.Build.0 = Debug|x64
		{89EA3A4A-D101-4E11-90A6-0E827D963D4C}.Debug|x64.Deploy.0 = Debug|x64
		{89EA3A4A-D101-4E11-90A6-0E827D963D4C}.Debug|x86.ActiveCfg = Debug|x86
		{89EA3A4A-D101-4E11-90A6-0E827D963D4C}.Debug|x86.Build.0 = Debug|x86
		{89EA3A4A-D101-4E11-90A6-0E827D963D4C}.Debug|x86.Deploy.0 = Debug|x86
		{89EA3A4A-D101-4E11-90A6-0E827D963D4C}.DebugInternal|Any CPU.ActiveCfg = Debug|Any CPU
		{89EA3A4A-D101-4E11-90A6-0E827D963D4C}.DebugInternal|Any CPU.Build.0 = Debug|Any CPU
		{89EA3A4A-D101-4E11-90A6-0E827D963D4C}.DebugInternal|Any CPU.Deploy.0 = Debug|Any CPU
		{89EA3A4A-D101-4E11-90A6-0E827D963D4C}.DebugInternal|ARM.ActiveCfg = Debug|ARM
		{89EA3A4A-D101-4E11-90A6-0E827D963D4C}.DebugInternal|ARM.Build.0 = Debug|ARM
		{89EA3A4A-D101-4E11-90A6-0E827D963D4C}.DebugInternal|ARM.Deploy.0 = Debug|ARM
		{89EA3A4A-D101-4E11-90A6-0E827D963D4C}.DebugInternal|iPhone.ActiveCfg = Debug|Any CPU
		{89EA3A4A-D101-4E11-90A6-0E827D963D4C}.DebugInternal|iPhoneSimulator.ActiveCfg = Debug|Any CPU
		{89EA3A4A-D101-4E11-90A6-0E827D963D4C}.DebugInternal|Mixed Platforms.ActiveCfg = Debug|x86
		{89EA3A4A-D101-4E11-90A6-0E827D963D4C}.DebugInternal|Mixed Platforms.Build.0 = Debug|x86
		{89EA3A4A-D101-4E11-90A6-0E827D963D4C}.DebugInternal|Mixed Platforms.Deploy.0 = Debug|x86
		{89EA3A4A-D101-4E11-90A6-0E827D963D4C}.DebugInternal|x64.ActiveCfg = Debug|x64
		{89EA3A4A-D101-4E11-90A6-0E827D963D4C}.DebugInternal|x64.Build.0 = Debug|x64
		{89EA3A4A-D101-4E11-90A6-0E827D963D4C}.DebugInternal|x64.Deploy.0 = Debug|x64
		{89EA3A4A-D101-4E11-90A6-0E827D963D4C}.DebugInternal|x86.ActiveCfg = Debug|x86
		{89EA3A4A-D101-4E11-90A6-0E827D963D4C}.DebugInternal|x86.Build.0 = Debug|x86
		{89EA3A4A-D101-4E11-90A6-0E827D963D4C}.DebugInternal|x86.Deploy.0 = Debug|x86
		{89EA3A4A-D101-4E11-90A6-0E827D963D4C}.Release|Any CPU.ActiveCfg = Release|Any CPU
		{89EA3A4A-D101-4E11-90A6-0E827D963D4C}.Release|Any CPU.Build.0 = Release|Any CPU
		{89EA3A4A-D101-4E11-90A6-0E827D963D4C}.Release|Any CPU.Deploy.0 = Release|Any CPU
		{89EA3A4A-D101-4E11-90A6-0E827D963D4C}.Release|ARM.ActiveCfg = Release|ARM
		{89EA3A4A-D101-4E11-90A6-0E827D963D4C}.Release|ARM.Build.0 = Release|ARM
		{89EA3A4A-D101-4E11-90A6-0E827D963D4C}.Release|ARM.Deploy.0 = Release|ARM
		{89EA3A4A-D101-4E11-90A6-0E827D963D4C}.Release|iPhone.ActiveCfg = Release|Any CPU
		{89EA3A4A-D101-4E11-90A6-0E827D963D4C}.Release|iPhoneSimulator.ActiveCfg = Release|Any CPU
		{89EA3A4A-D101-4E11-90A6-0E827D963D4C}.Release|Mixed Platforms.ActiveCfg = Release|x86
		{89EA3A4A-D101-4E11-90A6-0E827D963D4C}.Release|Mixed Platforms.Build.0 = Release|x86
		{89EA3A4A-D101-4E11-90A6-0E827D963D4C}.Release|Mixed Platforms.Deploy.0 = Release|x86
		{89EA3A4A-D101-4E11-90A6-0E827D963D4C}.Release|x64.ActiveCfg = Release|x64
		{89EA3A4A-D101-4E11-90A6-0E827D963D4C}.Release|x64.Build.0 = Release|x64
		{89EA3A4A-D101-4E11-90A6-0E827D963D4C}.Release|x64.Deploy.0 = Release|x64
		{89EA3A4A-D101-4E11-90A6-0E827D963D4C}.Release|x86.ActiveCfg = Release|x86
		{89EA3A4A-D101-4E11-90A6-0E827D963D4C}.Release|x86.Build.0 = Release|x86
		{89EA3A4A-D101-4E11-90A6-0E827D963D4C}.Release|x86.Deploy.0 = Release|x86
		{2B5C7E99-D5E7-4577-8CF5-546F80E891D4}.Ad-Hoc|Any CPU.ActiveCfg = Release|Any CPU
		{2B5C7E99-D5E7-4577-8CF5-546F80E891D4}.Ad-Hoc|Any CPU.Build.0 = Release|Any CPU
		{2B5C7E99-D5E7-4577-8CF5-546F80E891D4}.Ad-Hoc|Any CPU.Deploy.0 = Release|Any CPU
		{2B5C7E99-D5E7-4577-8CF5-546F80E891D4}.Ad-Hoc|ARM.ActiveCfg = Release|Any CPU
		{2B5C7E99-D5E7-4577-8CF5-546F80E891D4}.Ad-Hoc|ARM.Build.0 = Release|Any CPU
		{2B5C7E99-D5E7-4577-8CF5-546F80E891D4}.Ad-Hoc|ARM.Deploy.0 = Release|Any CPU
		{2B5C7E99-D5E7-4577-8CF5-546F80E891D4}.Ad-Hoc|iPhone.ActiveCfg = Release|Any CPU
		{2B5C7E99-D5E7-4577-8CF5-546F80E891D4}.Ad-Hoc|iPhone.Build.0 = Release|Any CPU
		{2B5C7E99-D5E7-4577-8CF5-546F80E891D4}.Ad-Hoc|iPhone.Deploy.0 = Release|Any CPU
		{2B5C7E99-D5E7-4577-8CF5-546F80E891D4}.Ad-Hoc|iPhoneSimulator.ActiveCfg = Release|Any CPU
		{2B5C7E99-D5E7-4577-8CF5-546F80E891D4}.Ad-Hoc|iPhoneSimulator.Build.0 = Release|Any CPU
		{2B5C7E99-D5E7-4577-8CF5-546F80E891D4}.Ad-Hoc|iPhoneSimulator.Deploy.0 = Release|Any CPU
		{2B5C7E99-D5E7-4577-8CF5-546F80E891D4}.Ad-Hoc|Mixed Platforms.ActiveCfg = Release|Any CPU
		{2B5C7E99-D5E7-4577-8CF5-546F80E891D4}.Ad-Hoc|Mixed Platforms.Build.0 = Release|Any CPU
		{2B5C7E99-D5E7-4577-8CF5-546F80E891D4}.Ad-Hoc|Mixed Platforms.Deploy.0 = Release|Any CPU
		{2B5C7E99-D5E7-4577-8CF5-546F80E891D4}.Ad-Hoc|x64.ActiveCfg = Release|Any CPU
		{2B5C7E99-D5E7-4577-8CF5-546F80E891D4}.Ad-Hoc|x64.Build.0 = Release|Any CPU
		{2B5C7E99-D5E7-4577-8CF5-546F80E891D4}.Ad-Hoc|x64.Deploy.0 = Release|Any CPU
		{2B5C7E99-D5E7-4577-8CF5-546F80E891D4}.Ad-Hoc|x86.ActiveCfg = Release|Any CPU
		{2B5C7E99-D5E7-4577-8CF5-546F80E891D4}.Ad-Hoc|x86.Build.0 = Release|Any CPU
		{2B5C7E99-D5E7-4577-8CF5-546F80E891D4}.Ad-Hoc|x86.Deploy.0 = Release|Any CPU
		{2B5C7E99-D5E7-4577-8CF5-546F80E891D4}.AppStore|Any CPU.ActiveCfg = Release|Any CPU
		{2B5C7E99-D5E7-4577-8CF5-546F80E891D4}.AppStore|Any CPU.Build.0 = Release|Any CPU
		{2B5C7E99-D5E7-4577-8CF5-546F80E891D4}.AppStore|Any CPU.Deploy.0 = Release|Any CPU
		{2B5C7E99-D5E7-4577-8CF5-546F80E891D4}.AppStore|ARM.ActiveCfg = Release|Any CPU
		{2B5C7E99-D5E7-4577-8CF5-546F80E891D4}.AppStore|ARM.Build.0 = Release|Any CPU
		{2B5C7E99-D5E7-4577-8CF5-546F80E891D4}.AppStore|ARM.Deploy.0 = Release|Any CPU
		{2B5C7E99-D5E7-4577-8CF5-546F80E891D4}.AppStore|iPhone.ActiveCfg = Release|Any CPU
		{2B5C7E99-D5E7-4577-8CF5-546F80E891D4}.AppStore|iPhone.Build.0 = Release|Any CPU
		{2B5C7E99-D5E7-4577-8CF5-546F80E891D4}.AppStore|iPhone.Deploy.0 = Release|Any CPU
		{2B5C7E99-D5E7-4577-8CF5-546F80E891D4}.AppStore|iPhoneSimulator.ActiveCfg = Release|Any CPU
		{2B5C7E99-D5E7-4577-8CF5-546F80E891D4}.AppStore|iPhoneSimulator.Build.0 = Release|Any CPU
		{2B5C7E99-D5E7-4577-8CF5-546F80E891D4}.AppStore|iPhoneSimulator.Deploy.0 = Release|Any CPU
		{2B5C7E99-D5E7-4577-8CF5-546F80E891D4}.AppStore|Mixed Platforms.ActiveCfg = Release|Any CPU
		{2B5C7E99-D5E7-4577-8CF5-546F80E891D4}.AppStore|Mixed Platforms.Build.0 = Release|Any CPU
		{2B5C7E99-D5E7-4577-8CF5-546F80E891D4}.AppStore|Mixed Platforms.Deploy.0 = Release|Any CPU
		{2B5C7E99-D5E7-4577-8CF5-546F80E891D4}.AppStore|x64.ActiveCfg = Release|Any CPU
		{2B5C7E99-D5E7-4577-8CF5-546F80E891D4}.AppStore|x64.Build.0 = Release|Any CPU
		{2B5C7E99-D5E7-4577-8CF5-546F80E891D4}.AppStore|x64.Deploy.0 = Release|Any CPU
		{2B5C7E99-D5E7-4577-8CF5-546F80E891D4}.AppStore|x86.ActiveCfg = Release|Any CPU
		{2B5C7E99-D5E7-4577-8CF5-546F80E891D4}.AppStore|x86.Build.0 = Release|Any CPU
		{2B5C7E99-D5E7-4577-8CF5-546F80E891D4}.AppStore|x86.Deploy.0 = Release|Any CPU
		{2B5C7E99-D5E7-4577-8CF5-546F80E891D4}.Debug|Any CPU.ActiveCfg = Debug|Any CPU
		{2B5C7E99-D5E7-4577-8CF5-546F80E891D4}.Debug|Any CPU.Build.0 = Debug|Any CPU
		{2B5C7E99-D5E7-4577-8CF5-546F80E891D4}.Debug|Any CPU.Deploy.0 = Debug|Any CPU
		{2B5C7E99-D5E7-4577-8CF5-546F80E891D4}.Debug|ARM.ActiveCfg = Debug|Any CPU
		{2B5C7E99-D5E7-4577-8CF5-546F80E891D4}.Debug|ARM.Build.0 = Debug|Any CPU
		{2B5C7E99-D5E7-4577-8CF5-546F80E891D4}.Debug|ARM.Deploy.0 = Debug|Any CPU
		{2B5C7E99-D5E7-4577-8CF5-546F80E891D4}.Debug|iPhone.ActiveCfg = Debug|Any CPU
		{2B5C7E99-D5E7-4577-8CF5-546F80E891D4}.Debug|iPhone.Build.0 = Debug|Any CPU
		{2B5C7E99-D5E7-4577-8CF5-546F80E891D4}.Debug|iPhone.Deploy.0 = Debug|Any CPU
		{2B5C7E99-D5E7-4577-8CF5-546F80E891D4}.Debug|iPhoneSimulator.ActiveCfg = Debug|Any CPU
		{2B5C7E99-D5E7-4577-8CF5-546F80E891D4}.Debug|iPhoneSimulator.Build.0 = Debug|Any CPU
		{2B5C7E99-D5E7-4577-8CF5-546F80E891D4}.Debug|iPhoneSimulator.Deploy.0 = Debug|Any CPU
		{2B5C7E99-D5E7-4577-8CF5-546F80E891D4}.Debug|Mixed Platforms.ActiveCfg = Debug|Any CPU
		{2B5C7E99-D5E7-4577-8CF5-546F80E891D4}.Debug|Mixed Platforms.Build.0 = Debug|Any CPU
		{2B5C7E99-D5E7-4577-8CF5-546F80E891D4}.Debug|Mixed Platforms.Deploy.0 = Debug|Any CPU
		{2B5C7E99-D5E7-4577-8CF5-546F80E891D4}.Debug|x64.ActiveCfg = Debug|Any CPU
		{2B5C7E99-D5E7-4577-8CF5-546F80E891D4}.Debug|x64.Build.0 = Debug|Any CPU
		{2B5C7E99-D5E7-4577-8CF5-546F80E891D4}.Debug|x64.Deploy.0 = Debug|Any CPU
		{2B5C7E99-D5E7-4577-8CF5-546F80E891D4}.Debug|x86.ActiveCfg = Debug|Any CPU
		{2B5C7E99-D5E7-4577-8CF5-546F80E891D4}.Debug|x86.Build.0 = Debug|Any CPU
		{2B5C7E99-D5E7-4577-8CF5-546F80E891D4}.Debug|x86.Deploy.0 = Debug|Any CPU
		{2B5C7E99-D5E7-4577-8CF5-546F80E891D4}.DebugInternal|Any CPU.ActiveCfg = Debug|Any CPU
		{2B5C7E99-D5E7-4577-8CF5-546F80E891D4}.DebugInternal|Any CPU.Build.0 = Debug|Any CPU
		{2B5C7E99-D5E7-4577-8CF5-546F80E891D4}.DebugInternal|Any CPU.Deploy.0 = Debug|Any CPU
		{2B5C7E99-D5E7-4577-8CF5-546F80E891D4}.DebugInternal|ARM.ActiveCfg = Debug|Any CPU
		{2B5C7E99-D5E7-4577-8CF5-546F80E891D4}.DebugInternal|ARM.Build.0 = Debug|Any CPU
		{2B5C7E99-D5E7-4577-8CF5-546F80E891D4}.DebugInternal|ARM.Deploy.0 = Debug|Any CPU
		{2B5C7E99-D5E7-4577-8CF5-546F80E891D4}.DebugInternal|iPhone.ActiveCfg = Debug|Any CPU
		{2B5C7E99-D5E7-4577-8CF5-546F80E891D4}.DebugInternal|iPhone.Build.0 = Debug|Any CPU
		{2B5C7E99-D5E7-4577-8CF5-546F80E891D4}.DebugInternal|iPhone.Deploy.0 = Debug|Any CPU
		{2B5C7E99-D5E7-4577-8CF5-546F80E891D4}.DebugInternal|iPhoneSimulator.ActiveCfg = Debug|Any CPU
		{2B5C7E99-D5E7-4577-8CF5-546F80E891D4}.DebugInternal|iPhoneSimulator.Build.0 = Debug|Any CPU
		{2B5C7E99-D5E7-4577-8CF5-546F80E891D4}.DebugInternal|iPhoneSimulator.Deploy.0 = Debug|Any CPU
		{2B5C7E99-D5E7-4577-8CF5-546F80E891D4}.DebugInternal|Mixed Platforms.ActiveCfg = Debug|Any CPU
		{2B5C7E99-D5E7-4577-8CF5-546F80E891D4}.DebugInternal|Mixed Platforms.Build.0 = Debug|Any CPU
		{2B5C7E99-D5E7-4577-8CF5-546F80E891D4}.DebugInternal|Mixed Platforms.Deploy.0 = Debug|Any CPU
		{2B5C7E99-D5E7-4577-8CF5-546F80E891D4}.DebugInternal|x64.ActiveCfg = Debug|Any CPU
		{2B5C7E99-D5E7-4577-8CF5-546F80E891D4}.DebugInternal|x64.Build.0 = Debug|Any CPU
		{2B5C7E99-D5E7-4577-8CF5-546F80E891D4}.DebugInternal|x64.Deploy.0 = Debug|Any CPU
		{2B5C7E99-D5E7-4577-8CF5-546F80E891D4}.DebugInternal|x86.ActiveCfg = Debug|Any CPU
		{2B5C7E99-D5E7-4577-8CF5-546F80E891D4}.DebugInternal|x86.Build.0 = Debug|Any CPU
		{2B5C7E99-D5E7-4577-8CF5-546F80E891D4}.DebugInternal|x86.Deploy.0 = Debug|Any CPU
		{2B5C7E99-D5E7-4577-8CF5-546F80E891D4}.Release|Any CPU.ActiveCfg = Release|Any CPU
		{2B5C7E99-D5E7-4577-8CF5-546F80E891D4}.Release|Any CPU.Build.0 = Release|Any CPU
		{2B5C7E99-D5E7-4577-8CF5-546F80E891D4}.Release|Any CPU.Deploy.0 = Release|Any CPU
		{2B5C7E99-D5E7-4577-8CF5-546F80E891D4}.Release|ARM.ActiveCfg = Release|Any CPU
		{2B5C7E99-D5E7-4577-8CF5-546F80E891D4}.Release|ARM.Build.0 = Release|Any CPU
		{2B5C7E99-D5E7-4577-8CF5-546F80E891D4}.Release|ARM.Deploy.0 = Release|Any CPU
		{2B5C7E99-D5E7-4577-8CF5-546F80E891D4}.Release|iPhone.ActiveCfg = Release|Any CPU
		{2B5C7E99-D5E7-4577-8CF5-546F80E891D4}.Release|iPhone.Build.0 = Release|Any CPU
		{2B5C7E99-D5E7-4577-8CF5-546F80E891D4}.Release|iPhone.Deploy.0 = Release|Any CPU
		{2B5C7E99-D5E7-4577-8CF5-546F80E891D4}.Release|iPhoneSimulator.ActiveCfg = Release|Any CPU
		{2B5C7E99-D5E7-4577-8CF5-546F80E891D4}.Release|iPhoneSimulator.Build.0 = Release|Any CPU
		{2B5C7E99-D5E7-4577-8CF5-546F80E891D4}.Release|iPhoneSimulator.Deploy.0 = Release|Any CPU
		{2B5C7E99-D5E7-4577-8CF5-546F80E891D4}.Release|Mixed Platforms.ActiveCfg = Release|Any CPU
		{2B5C7E99-D5E7-4577-8CF5-546F80E891D4}.Release|Mixed Platforms.Build.0 = Release|Any CPU
		{2B5C7E99-D5E7-4577-8CF5-546F80E891D4}.Release|Mixed Platforms.Deploy.0 = Release|Any CPU
		{2B5C7E99-D5E7-4577-8CF5-546F80E891D4}.Release|x64.ActiveCfg = Release|Any CPU
		{2B5C7E99-D5E7-4577-8CF5-546F80E891D4}.Release|x64.Build.0 = Release|Any CPU
		{2B5C7E99-D5E7-4577-8CF5-546F80E891D4}.Release|x64.Deploy.0 = Release|Any CPU
		{2B5C7E99-D5E7-4577-8CF5-546F80E891D4}.Release|x86.ActiveCfg = Release|Any CPU
		{2B5C7E99-D5E7-4577-8CF5-546F80E891D4}.Release|x86.Build.0 = Release|Any CPU
		{2B5C7E99-D5E7-4577-8CF5-546F80E891D4}.Release|x86.Deploy.0 = Release|Any CPU
	EndGlobalSection
	GlobalSection(SolutionProperties) = preSolution
		HideSolutionNode = FALSE
	EndGlobalSection
	GlobalSection(MonoDevelopProperties) = preSolution
		StartupItem = MyInventory.MasterDetail.iOS\MyInventory.MasterDetail.iOS.csproj
	EndGlobalSection
EndGlobal
